
Microsoft Visual Studio Solution File, Format Version 12.00
# Visual Studio Version 16
VisualStudioVersion = 16.0.29911.84
MinimumVisualStudioVersion = 10.0.40219.1
Project("{FAE04EC0-301F-11D3-BF4B-00C04F79EFBC}") = "ContactManagement", "ContactManagement\ContactManagement.csproj", "{AC3DFC0C-2551-426D-A954-9636B348864D}"
EndProject
Global
	GlobalSection(SolutionConfigurationPlatforms) = preSolution
		Debug|Any CPU = Debug|Any CPU
		Release|Any CPU = Release|Any CPU
	EndGlobalSection
	GlobalSection(ProjectConfigurationPlatforms) = postSolution
		{AC3DFC0C-2551-426D-A954-9636B348864D}.Debug|Any CPU.ActiveCfg = Debug|Any CPU
		{AC3DFC0C-2551-426D-A954-9636B348864D}.Debug|Any CPU.Build.0 = Debug|Any CPU
		{AC3DFC0C-2551-426D-A954-9636B348864D}.Release|Any CPU.ActiveCfg = Release|Any CPU
		{AC3DFC0C-2551-426D-A954-9636B348864D}.Release|Any CPU.Build.0 = Release|Any CPU
	EndGlobalSection
	GlobalSection(SolutionProperties) = preSolution
		HideSolutionNode = FALSE
	EndGlobalSection
	GlobalSection(ExtensibilityGlobals) = postSolution
		SolutionGuid = {4C64F905-1408-4249-859F-A7D35B7AB3D6}
	EndGlobalSection
EndGlobal
